PODS:
  - CocoaLumberjack (2.3.0):
    - CocoaLumberjack/Default (= 2.3.0)
    - CocoaLumberjack/Extensions (= 2.3.0)
  - CocoaLumberjack/Core (2.3.0)
  - CocoaLumberjack/Default (2.3.0):
    - CocoaLumberjack/Core
  - CocoaLumberjack/Extensions (2.3.0):
    - CocoaLumberjack/Default
  - LogglyLogger-CocoaLumberjack (2.3.2):
    - CocoaLumberjack (~> 2.0)
    - LogglyLogger-CocoaLumberjack/Formatter (= 2.3.2)
    - LogglyLogger-CocoaLumberjack/Logger (= 2.3.2)
  - LogglyLogger-CocoaLumberjack/Formatter (2.3.2):
    - CocoaLumberjack (~> 2.0)
  - LogglyLogger-CocoaLumberjack/Logger (2.3.2):
    - CocoaLumberjack (~> 2.0)

DEPENDENCIES:
  - LogglyLogger-CocoaLumberjack (from `https://github.com/melke/LogglyLogger-CocoaLumberjack.git`)

EXTERNAL SOURCES:
  LogglyLogger-CocoaLumberjack:
    :path: ../../

SPEC CHECKSUMS:
  CocoaLumberjack: 97fab7ee5f507fe54445cca7ea80f926729cfd15
  LogglyLogger-CocoaLumberjack: 088aca1373786dca9da5fe8596eb0c9bfc4f39b7

PODFILE CHECKSUM: 69c9d62f07f89107d5b43e1c7c73dfd7f69293cb

COCOAPODS: 1.0.1
